
Microsoft Visual Studio Solution File, Format Version 12.00
# Visual Studio Version 16
VisualStudioVersion = 16.0.30204.135
MinimumVisualStudioVersion = 10.0.40219.1
Project("{9A19103F-16F7-4668-BE54-9A1E7A4F7556}") = "NewnetCore", "NewnetCore.csproj", "{FC2DB204-8730-4880-B96E-6E1A81000E4E}"
EndProject
Global
	GlobalSection(SolutionConfigurationPlatforms) = preSolution
		Debug|Any CPU = Debug|Any CPU
		Release|Any CPU = Release|Any CPU
	EndGlobalSection
	GlobalSection(ProjectConfigurationPlatforms) = postSolution
		{FC2DB204-8730-4880-B96E-6E1A81000E4E}.Debug|Any CPU.ActiveCfg = Debug|Any CPU
		{FC2DB204-8730-4880-B96E-6E1A81000E4E}.Debug|Any CPU.Build.0 = Debug|Any CPU
		{FC2DB204-8730-4880-B96E-6E1A81000E4E}.Release|Any CPU.ActiveCfg = Release|Any CPU
		{FC2DB204-8730-4880-B96E-6E1A81000E4E}.Release|Any CPU.Build.0 = Release|Any CPU
	EndGlobalSection
	GlobalSection(SolutionProperties) = preSolution
		HideSolutionNode = FALSE
	EndGlobalSection
	GlobalSection(ExtensibilityGlobals) = postSolution
		SolutionGuid = {704B8BAD-13B5-49BB-8C69-106D06AE9F6A}
	EndGlobalSection
EndGlobal
